
Microsoft Visual Studio Solution File, Format Version 12.00
# Visual Studio Version 16
VisualStudioVersion = 16.0.31702.278
MinimumVisualStudioVersion = 10.0.40219.1
Project("{FAE04EC0-301F-11D3-BF4B-00C04F79EFBC}") = "ConsoleSimpleFactory", "ConsoleSimpleFactory\ConsoleSimpleFactory.csproj", "{FF20DF91-DA76-40CB-93FE-9EE9BC770677}"
EndProject
Project("{FAE04EC0-301F-11D3-BF4B-00C04F79EFBC}") = "SimpleFactory", "SimpleFactory\SimpleFactory.csproj", "{039454B6-8590-47B3-A419-6F1D7BC1379A}"
EndProject
Global
	GlobalSection(SolutionConfigurationPlatforms) = preSolution
		Debug|Any CPU = Debug|Any CPU
		Release|Any CPU = Release|Any CPU
	EndGlobalSection
	GlobalSection(ProjectConfigurationPlatforms) = postSolution
		{FF20DF91-DA76-40CB-93FE-9EE9BC770677}.Debug|Any CPU.ActiveCfg = Debug|Any CPU
		{FF20DF91-DA76-40CB-93FE-9EE9BC770677}.Debug|Any CPU.Build.0 = Debug|Any CPU
		{FF20DF91-DA76-40CB-93FE-9EE9BC770677}.Release|Any CPU.ActiveCfg = Release|Any CPU
		{FF20DF91-DA76-40CB-93FE-9EE9BC770677}.Release|Any CPU.Build.0 = Release|Any CPU
		{039454B6-8590-47B3-A419-6F1D7BC1379A}.Debug|Any CPU.ActiveCfg = Debug|Any CPU
		{039454B6-8590-47B3-A419-6F1D7BC1379A}.Debug|Any CPU.Build.0 = Debug|Any CPU
		{039454B6-8590-47B3-A419-6F1D7BC1379A}.Release|Any CPU.ActiveCfg = Release|Any CPU
		{039454B6-8590-47B3-A419-6F1D7BC1379A}.Release|Any CPU.Build.0 = Release|Any CPU
	EndGlobalSection
	GlobalSection(SolutionProperties) = preSolution
		HideSolutionNode = FALSE
	EndGlobalSection
	GlobalSection(ExtensibilityGlobals) = postSolution
		SolutionGuid = {7C5296B9-B6D1-4BEB-A676-4D240A10368B}
	EndGlobalSection
EndGlobal
