
Microsoft Visual Studio Solution File, Format Version 12.00
# Visual Studio Version 16
VisualStudioVersion = 16.0.31702.278
MinimumVisualStudioVersion = 10.0.40219.1
Project("{FAE04EC0-301F-11D3-BF4B-00C04F79EFBC}") = "ConsoleDIP", "ConsoleDIP\ConsoleDIP.csproj", "{5812A12C-C1CE-40FA-BA9E-D2A2616E99AB}"
EndProject
Project("{FAE04EC0-301F-11D3-BF4B-00C04F79EFBC}") = "DIPLibrary", "DIPLibrary\DIPLibrary.csproj", "{ADB19C93-D317-4F09-96EE-79CE8A9AAD5A}"
EndProject
Global
	GlobalSection(SolutionConfigurationPlatforms) = preSolution
		Debug|Any CPU = Debug|Any CPU
		Release|Any CPU = Release|Any CPU
	EndGlobalSection
	GlobalSection(ProjectConfigurationPlatforms) = postSolution
		{5812A12C-C1CE-40FA-BA9E-D2A2616E99AB}.Debug|Any CPU.ActiveCfg = Debug|Any CPU
		{5812A12C-C1CE-40FA-BA9E-D2A2616E99AB}.Debug|Any CPU.Build.0 = Debug|Any CPU
		{5812A12C-C1CE-40FA-BA9E-D2A2616E99AB}.Release|Any CPU.ActiveCfg = Release|Any CPU
		{5812A12C-C1CE-40FA-BA9E-D2A2616E99AB}.Release|Any CPU.Build.0 = Release|Any CPU
		{ADB19C93-D317-4F09-96EE-79CE8A9AAD5A}.Debug|Any CPU.ActiveCfg = Debug|Any CPU
		{ADB19C93-D317-4F09-96EE-79CE8A9AAD5A}.Debug|Any CPU.Build.0 = Debug|Any CPU
		{ADB19C93-D317-4F09-96EE-79CE8A9AAD5A}.Release|Any CPU.ActiveCfg = Release|Any CPU
		{ADB19C93-D317-4F09-96EE-79CE8A9AAD5A}.Release|Any CPU.Build.0 = Release|Any CPU
	EndGlobalSection
	GlobalSection(SolutionProperties) = preSolution
		HideSolutionNode = FALSE
	EndGlobalSection
	GlobalSection(ExtensibilityGlobals) = postSolution
		SolutionGuid = {CE7835D7-11E7-4652-B682-B7834A7B983A}
	EndGlobalSection
EndGlobal
