
Microsoft Visual Studio Solution File, Format Version 12.00
# Visual Studio Version 16
VisualStudioVersion = 16.0.32126.315
MinimumVisualStudioVersion = 10.0.40219.1
Project("{FAE04EC0-301F-11D3-BF4B-00C04F79EFBC}") = "ConsoleAbstractFactory", "ConsoleAbstractFactory\ConsoleAbstractFactory.csproj", "{D9E970E7-068F-430B-B81C-D13124EFD5B1}"
EndProject
Project("{FAE04EC0-301F-11D3-BF4B-00C04F79EFBC}") = "AbstractFactory", "AbstractFactory\AbstractFactory.csproj", "{FCAC6F4B-9355-4EF8-8D3F-235667D9DEBD}"
EndProject
Global
	GlobalSection(SolutionConfigurationPlatforms) = preSolution
		Debug|Any CPU = Debug|Any CPU
		Release|Any CPU = Release|Any CPU
	EndGlobalSection
	GlobalSection(ProjectConfigurationPlatforms) = postSolution
		{D9E970E7-068F-430B-B81C-D13124EFD5B1}.Debug|Any CPU.ActiveCfg = Debug|Any CPU
		{D9E970E7-068F-430B-B81C-D13124EFD5B1}.Debug|Any CPU.Build.0 = Debug|Any CPU
		{D9E970E7-068F-430B-B81C-D13124EFD5B1}.Release|Any CPU.ActiveCfg = Release|Any CPU
		{D9E970E7-068F-430B-B81C-D13124EFD5B1}.Release|Any CPU.Build.0 = Release|Any CPU
		{FCAC6F4B-9355-4EF8-8D3F-235667D9DEBD}.Debug|Any CPU.ActiveCfg = Debug|Any CPU
		{FCAC6F4B-9355-4EF8-8D3F-235667D9DEBD}.Debug|Any CPU.Build.0 = Debug|Any CPU
		{FCAC6F4B-9355-4EF8-8D3F-235667D9DEBD}.Release|Any CPU.ActiveCfg = Release|Any CPU
		{FCAC6F4B-9355-4EF8-8D3F-235667D9DEBD}.Release|Any CPU.Build.0 = Release|Any CPU
	EndGlobalSection
	GlobalSection(SolutionProperties) = preSolution
		HideSolutionNode = FALSE
	EndGlobalSection
	GlobalSection(ExtensibilityGlobals) = postSolution
		SolutionGuid = {6EDBB659-28E7-4A22-8AC9-CE6791654FA4}
	EndGlobalSection
EndGlobal
